
Microsoft Visual Studio Solution File, Format Version 12.00
# Visual Studio 15
VisualStudioVersion = 15.0.28010.2019
MinimumVisualStudioVersion = 10.0.40219.1
Project("{9A19103F-16F7-4668-BE54-9A1E7A4F7556}") = "SSH.Core", "SSH.Core\SSH.Core.csproj", "{141322C2-C15B-40A2-B36C-8656C3DDE128}"
EndProject
Project("{9A19103F-16F7-4668-BE54-9A1E7A4F7556}") = "Api", "Api\Api.csproj", "{B61E2A9B-6632-48DD-B1ED-5166A27A1888}"
EndProject
Project("{9A19103F-16F7-4668-BE54-9A1E7A4F7556}") = "SSH.Application", "SSH.Application\SSH.Application.csproj", "{DFFB205C-7F9A-436A-A33A-47BC5D4C989E}"
EndProject
Global
	GlobalSection(SolutionConfigurationPlatforms) = preSolution
		Debug|Any CPU = Debug|Any CPU
		Release|Any CPU = Release|Any CPU
	EndGlobalSection
	GlobalSection(ProjectConfigurationPlatforms) = postSolution
		{141322C2-C15B-40A2-B36C-8656C3DDE128}.Debug|Any CPU.ActiveCfg = Debug|Any CPU
		{141322C2-C15B-40A2-B36C-8656C3DDE128}.Debug|Any CPU.Build.0 = Debug|Any CPU
		{141322C2-C15B-40A2-B36C-8656C3DDE128}.Release|Any CPU.ActiveCfg = Release|Any CPU
		{141322C2-C15B-40A2-B36C-8656C3DDE128}.Release|Any CPU.Build.0 = Release|Any CPU
		{B61E2A9B-6632-48DD-B1ED-5166A27A1888}.Debug|Any CPU.ActiveCfg = Debug|Any CPU
		{B61E2A9B-6632-48DD-B1ED-5166A27A1888}.Debug|Any CPU.Build.0 = Debug|Any CPU
		{B61E2A9B-6632-48DD-B1ED-5166A27A1888}.Release|Any CPU.ActiveCfg = Release|Any CPU
		{B61E2A9B-6632-48DD-B1ED-5166A27A1888}.Release|Any CPU.Build.0 = Release|Any CPU
		{DFFB205C-7F9A-436A-A33A-47BC5D4C989E}.Debug|Any CPU.ActiveCfg = Debug|Any CPU
		{DFFB205C-7F9A-436A-A33A-47BC5D4C989E}.Debug|Any CPU.Build.0 = Debug|Any CPU
		{DFFB205C-7F9A-436A-A33A-47BC5D4C989E}.Release|Any CPU.ActiveCfg = Release|Any CPU
		{DFFB205C-7F9A-436A-A33A-47BC5D4C989E}.Release|Any CPU.Build.0 = Release|Any CPU
	EndGlobalSection
	GlobalSection(SolutionProperties) = preSolution
		HideSolutionNode = FALSE
	EndGlobalSection
	GlobalSection(ExtensibilityGlobals) = postSolution
		SolutionGuid = {711B8BE5-B5A2-42F4-9597-AB6458E850CE}
	EndGlobalSection
EndGlobal
